
Microsoft Visual Studio Solution File, Format Version 12.00
# Visual Studio Version 17
VisualStudioVersion = 17.14.36705.20 d17.14
MinimumVisualStudioVersion = 10.0.40219.1
Project("{FAE04EC0-301F-11D3-BF4B-00C04F79EFBC}") = "Tyuiu.ChuginNM.Sprint7.Project.V2", "Tyuiu.ChuginNM.Sprint7.Project.V2\Tyuiu.ChuginNM.Sprint7.Project.V2.csproj", "{3600DCD5-3836-448E-BD93-9707D33EAF38}"
EndProject
Global
	GlobalSection(SolutionConfigurationPlatforms) = preSolution
		Debug|Any CPU = Debug|Any CPU
		Release|Any CPU = Release|Any CPU
	EndGlobalSection
	GlobalSection(ProjectConfigurationPlatforms) = postSolution
		{3600DCD5-3836-448E-BD93-9707D33EAF38}.Debug|Any CPU.ActiveCfg = Debug|Any CPU
		{3600DCD5-3836-448E-BD93-9707D33EAF38}.Debug|Any CPU.Build.0 = Debug|Any CPU
		{3600DCD5-3836-448E-BD93-9707D33EAF38}.Release|Any CPU.ActiveCfg = Release|Any CPU
		{3600DCD5-3836-448E-BD93-9707D33EAF38}.Release|Any CPU.Build.0 = Release|Any CPU
	EndGlobalSection
	GlobalSection(SolutionProperties) = preSolution
		HideSolutionNode = FALSE
	EndGlobalSection
	GlobalSection(ExtensibilityGlobals) = postSolution
		SolutionGuid = {69D8FA24-487D-45EE-85C5-41BC2B12E00C}
	EndGlobalSection
EndGlobal
